{
  "name": "us",
  "version": "1.0.0",
  "lockfileVersion": 1,
  "requires": true,
  "dependencies": {
    "@babel/runtime": {
      "version": "7.12.5",
      "resolved": "https://registry.npmjs.org/@babel/runtime/-/runtime-7.12.5.tgz",
      "integrity": "sha512-plcc+hbExy3McchJCEQG3knOsuh3HH+Prx1P6cLIkET/0dLuQDEnrT+s27Axgc9bqfsmNUNHfscgMUdBpC9xfg==",
      "requires": {
        "regenerator-runtime": "^0.13.4"
      }
    },
    "@egjs/hammerjs": {
      "version": "2.0.17",
      "resolved": "https://registry.npmjs.org/@egjs/hammerjs/-/hammerjs-2.0.17.tgz",
      "integrity": "sha512-XQsZgjm2EcVUiZQf11UBJQfmZeEmOW8DpI1gsFeln6w0ae0ii4dMQEQ0kjl6DspdWX1aGY1/loyXnP0JS06e/A==",
      "requires": {
        "@types/hammerjs": "^2.0.36"
      }
    },
    "@emotion/hash": {
      "version": "0.8.0",
      "resolved": "https://registry.npmjs.org/@emotion/hash/-/hash-0.8.0.tgz",
      "integrity": "sha512-kBJtf7PH6aWwZ6fka3zQ0p6SBYzx4fl1LoZXE2RrnYST9Xljm7WfKJrU4g/Xr3Beg72MLrp1AWNUmuYJTL7Cow=="
    },
    "@material-ui/core": {
      "version": "4.11.2",
      "resolved": "https://registry.npmjs.org/@material-ui/core/-/core-4.11.2.tgz",
      "integrity": "sha512-/D1+AQQeYX/WhT/FUk78UCRj8ch/RCglsQLYujYTIqPSJlwZHKcvHidNeVhODXeApojeXjkl0tWdk5C9ofwOkQ==",
      "requires": {
        "@babel/runtime": "^7.4.4",
        "@material-ui/styles": "^4.11.2",
        "@material-ui/system": "^4.11.2",
        "@material-ui/types": "^5.1.0",
        "@material-ui/utils": "^4.11.2",
        "@types/react-transition-group": "^4.2.0",
        "clsx": "^1.0.4",
        "hoist-non-react-statics": "^3.3.2",
        "popper.js": "1.16.1-lts",
        "prop-types": "^15.7.2",
        "react-is": "^16.8.0 || ^17.0.0",
        "react-transition-group": "^4.4.0"
      },
      "dependencies": {
        "csstype": {
          "version": "3.0.5",
          "resolved": "https://registry.npmjs.org/csstype/-/csstype-3.0.5.tgz",
          "integrity": "sha512-uVDi8LpBUKQj6sdxNaTetL6FpeCqTjOvAQuQUa/qAqq8oOd4ivkbhgnqayl0dnPal8Tb/yB1tF+gOvCBiicaiQ=="
        },
        "dom-helpers": {
          "version": "5.2.0",
          "resolved": "https://registry.npmjs.org/dom-helpers/-/dom-helpers-5.2.0.tgz",
          "integrity": "sha512-Ru5o9+V8CpunKnz5LGgWXkmrH/20cGKwcHwS4m73zIvs54CN9epEmT/HLqFJW3kXpakAFkEdzgy1hzlJe3E4OQ==",
          "requires": {
            "@babel/runtime": "^7.8.7",
            "csstype": "^3.0.2"
          }
        },
        "react-transition-group": {
          "version": "4.4.1",
          "resolved": "https://registry.npmjs.org/react-transition-group/-/react-transition-group-4.4.1.tgz",
          "integrity": "sha512-Djqr7OQ2aPUiYurhPalTrVy9ddmFCCzwhqQmtN+J3+3DzLO209Fdr70QrN8Z3DsglWql6iY1lDWAfpFiBtuKGw==",
          "requires": {
            "@babel/runtime": "^7.5.5",
            "dom-helpers": "^5.0.1",
            "loose-envify": "^1.4.0",
            "prop-types": "^15.6.2"
          }
        }
      }
    },
    "@material-ui/styles": {
      "version": "4.11.2",
      "resolved": "https://registry.npmjs.org/@material-ui/styles/-/styles-4.11.2.tgz",
      "integrity": "sha512-xbItf8zkfD3FuGoD9f2vlcyPf9jTEtj9YTJoNNV+NMWaSAHXgrW6geqRoo/IwBuMjqpwqsZhct13e2nUyU9Ljw==",
      "requires": {
        "@babel/runtime": "^7.4.4",
        "@emotion/hash": "^0.8.0",
        "@material-ui/types": "^5.1.0",
        "@material-ui/utils": "^4.11.2",
        "clsx": "^1.0.4",
        "csstype": "^2.5.2",
        "hoist-non-react-statics": "^3.3.2",
        "jss": "^10.0.3",
        "jss-plugin-camel-case": "^10.0.3",
        "jss-plugin-default-unit": "^10.0.3",
        "jss-plugin-global": "^10.0.3",
        "jss-plugin-nested": "^10.0.3",
        "jss-plugin-props-sort": "^10.0.3",
        "jss-plugin-rule-value-function": "^10.0.3",
        "jss-plugin-vendor-prefixer": "^10.0.3",
        "prop-types": "^15.7.2"
      }
    },
    "@material-ui/system": {
      "version": "4.11.2",
      "resolved": "https://registry.npmjs.org/@material-ui/system/-/system-4.11.2.tgz",
      "integrity": "sha512-BELFJEel5E+5DMiZb6XXT3peWRn6UixRvBtKwSxqntmD0+zwbbfCij6jtGwwdJhN1qX/aXrKu10zX31GBaeR7A==",
      "requires": {
        "@babel/runtime": "^7.4.4",
        "@material-ui/utils": "^4.11.2",
        "csstype": "^2.5.2",
        "prop-types": "^15.7.2"
      }
    },
    "@material-ui/types": {
      "version": "5.1.0",
      "resolved": "https://registry.npmjs.org/@material-ui/types/-/types-5.1.0.tgz",
      "integrity": "sha512-7cqRjrY50b8QzRSYyhSpx4WRw2YuO0KKIGQEVk5J8uoz2BanawykgZGoWEqKm7pVIbzFDN0SpPcVV4IhOFkl8A=="
    },
    "@material-ui/utils": {
      "version": "4.11.2",
      "resolved": "https://registry.npmjs.org/@material-ui/utils/-/utils-4.11.2.tgz",
      "integrity": "sha512-Uul8w38u+PICe2Fg2pDKCaIG7kOyhowZ9vjiC1FsVwPABTW8vPPKfF6OvxRq3IiBaI1faOJmgdvMG7rMJARBhA==",
      "requires": {
        "@babel/runtime": "^7.4.4",
        "prop-types": "^15.7.2",
        "react-is": "^16.8.0 || ^17.0.0"
      }
    },
    "@react-native-community/masked-view": {
      "version": "0.1.10",
      "resolved": "https://registry.npmjs.org/@react-native-community/masked-view/-/masked-view-0.1.10.tgz",
      "integrity": "sha512-rk4sWFsmtOw8oyx8SD3KSvawwaK7gRBSEIy2TAwURyGt+3TizssXP1r8nx3zY+R7v2vYYHXZ+k2/GULAT/bcaQ=="
    },
    "@react-navigation/core": {
      "version": "5.14.4",
      "resolved": "https://registry.npmjs.org/@react-navigation/core/-/core-5.14.4.tgz",
      "integrity": "sha512-MzZU9PO1a/6f9KdN04dC/E4BNl6M1Ba0Tb4sQdl/32y0hM2ToxlrKcERnTLWGFIbQV+9ZV1GTrp3mlGS6U9Jpw==",
      "requires": {
        "@react-navigation/routers": "^5.6.2",
        "escape-string-regexp": "^4.0.0",
        "nanoid": "^3.1.15",
        "query-string": "^6.13.6",
        "react-is": "^16.13.0"
      }
    },
    "@react-navigation/native": {
      "version": "5.8.10",
      "resolved": "https://registry.npmjs.org/@react-navigation/native/-/native-5.8.10.tgz",
      "integrity": "sha512-OUgD1o+y7PwmhRIRqQxN0SQvVU/SHic/ek/qMvBZX8nu5/WlBNxmNRMHVxONgHlG3AQZh27NUs9ynntL7ek1zQ==",
      "requires": {
        "@react-navigation/core": "^5.14.4",
        "escape-string-regexp": "^4.0.0",
        "nanoid": "^3.1.15"
      }
    },
    "@react-navigation/routers": {
      "version": "5.6.2",
      "resolved": "https://registry.npmjs.org/@react-navigation/routers/-/routers-5.6.2.tgz",
      "integrity": "sha512-XBcDKXS5s4MaHFufN44LtbXqFDH/nUHfHjbwG85fP3k772oRyPRgbnUb2mbw5MFGqORla9T7uymR6Gh6uwIwVw==",
      "requires": {
        "nanoid": "^3.1.15"
      }
    },
    "@react-navigation/stack": {
      "version": "5.12.8",
      "resolved": "https://registry.npmjs.org/@react-navigation/stack/-/stack-5.12.8.tgz",
      "integrity": "sha512-wUJFbU0v606RBXOUxHToCXJNmiwxtFYhN2TFvjxCZ3PJU+OWWx8HTmn99pT3rVH4Ax2cfO5BDUy9v+r74ZrIWw==",
      "requires": {
        "color": "^3.1.3",
        "react-native-iphone-x-helper": "^1.3.0"
      }
    },
    "@types/hammerjs": {
      "version": "2.0.36",
      "resolved": "https://registry.npmjs.org/@types/hammerjs/-/hammerjs-2.0.36.tgz",
      "integrity": "sha512-7TUK/k2/QGpEAv/BCwSHlYu3NXZhQ9ZwBYpzr9tjlPIL2C5BeGhH3DmVavRx3ZNyELX5TLC91JTz/cen6AAtIQ=="
    },
    "@types/prop-types": {
      "version": "15.7.3",
      "resolved": "https://registry.npmjs.org/@types/prop-types/-/prop-types-15.7.3.tgz",
      "integrity": "sha512-KfRL3PuHmqQLOG+2tGpRO26Ctg+Cq1E01D2DMriKEATHgWLfeNDmq9e29Q9WIky0dQ3NPkd1mzYH8Lm936Z9qw=="
    },
    "@types/react": {
      "version": "17.0.0",
      "resolved": "https://registry.npmjs.org/@types/react/-/react-17.0.0.tgz",
      "integrity": "sha512-aj/L7RIMsRlWML3YB6KZiXB3fV2t41+5RBGYF8z+tAKU43Px8C3cYUZsDvf1/+Bm4FK21QWBrDutu8ZJ/70qOw==",
      "requires": {
        "@types/prop-types": "*",
        "csstype": "^3.0.2"
      },
      "dependencies": {
        "csstype": {
          "version": "3.0.5",
          "resolved": "https://registry.npmjs.org/csstype/-/csstype-3.0.5.tgz",
          "integrity": "sha512-uVDi8LpBUKQj6sdxNaTetL6FpeCqTjOvAQuQUa/qAqq8oOd4ivkbhgnqayl0dnPal8Tb/yB1tF+gOvCBiicaiQ=="
        }
      }
    },
    "@types/react-transition-group": {
      "version": "4.4.0",
      "resolved": "https://registry.npmjs.org/@types/react-transition-group/-/react-transition-group-4.4.0.tgz",
      "integrity": "sha512-/QfLHGpu+2fQOqQaXh8MG9q03bFENooTb/it4jr5kKaZlDQfWvjqWZg48AwzPVMBHlRuTRAY7hRHCEOXz5kV6w==",
      "requires": {
        "@types/react": "*"
      }
    },
    "asap": {
      "version": "2.0.6",
      "resolved": "https://registry.npmjs.org/asap/-/asap-2.0.6.tgz",
      "integrity": "sha1-5QNHYR1+aQlDIIu9r+vLwvuGbUY="
    },
    "bowser": {
      "version": "1.9.4",
      "resolved": "https://registry.npmjs.org/bowser/-/bowser-1.9.4.tgz",
      "integrity": "sha512-9IdMmj2KjigRq6oWhmwv1W36pDuA4STQZ8q6YO9um+x07xgYNCD3Oou+WP/3L1HNz7iqythGet3/p4wvc8AAwQ=="
    },
    "chain-function": {
      "version": "1.0.1",
      "resolved": "https://registry.npmjs.org/chain-function/-/chain-function-1.0.1.tgz",
      "integrity": "sha512-SxltgMwL9uCko5/ZCLiyG2B7R9fY4pDZUw7hJ4MhirdjBLosoDqkWABi3XMucddHdLiFJMb7PD2MZifZriuMTg=="
    },
    "change-emitter": {
      "version": "0.1.6",
      "resolved": "https://registry.npmjs.org/change-emitter/-/change-emitter-0.1.6.tgz",
      "integrity": "sha1-6LL+PX8at9aaMhma/5HqaTFAlRU="
    },
    "clsx": {
      "version": "1.1.1",
      "resolved": "https://registry.npmjs.org/clsx/-/clsx-1.1.1.tgz",
      "integrity": "sha512-6/bPho624p3S2pMyvP5kKBPXnI3ufHLObBFCfgx+LkeR5lg2XYy2hqZqUf45ypD8COn2bhgGJSUE+l5dhNBieA=="
    },
    "color": {
      "version": "3.1.3",
      "resolved": "https://registry.npmjs.org/color/-/color-3.1.3.tgz",
      "integrity": "sha512-xgXAcTHa2HeFCGLE9Xs/R82hujGtu9Jd9x4NW3T34+OMs7VoPsjwzRczKHvTAHeJwWFwX5j15+MgAppE8ztObQ==",
      "requires": {
        "color-convert": "^1.9.1",
        "color-string": "^1.5.4"
      }
    },
    "color-convert": {
      "version": "1.9.3",
      "resolved": "https://registry.npmjs.org/color-convert/-/color-convert-1.9.3.tgz",
      "integrity": "sha512-QfAUtd+vFdAtFQcC8CCyYt1fYWxSqAiK2cSD6zDB8N3cpsEBAvRxp9zOGg6G/SHHJYAT88/az/IuDGALsNVbGg==",
      "requires": {
        "color-name": "1.1.3"
      }
    },
    "color-name": {
      "version": "1.1.3",
      "resolved": "https://registry.npmjs.org/color-name/-/color-name-1.1.3.tgz",
      "integrity": "sha1-p9BVi9icQveV3UIyj3QIMcpTvCU="
    },
    "color-string": {
      "version": "1.5.4",
      "resolved": "https://registry.npmjs.org/color-string/-/color-string-1.5.4.tgz",
      "integrity": "sha512-57yF5yt8Xa3czSEW1jfQDE79Idk0+AkN/4KWad6tbdxUmAs3MvjxlWSWD4deYytcRfoZ9nhKyFl1kj5tBvidbw==",
      "requires": {
        "color-name": "^1.0.0",
        "simple-swizzle": "^0.2.2"
      }
    },
    "core-js": {
      "version": "2.6.12",
      "resolved": "https://registry.npmjs.org/core-js/-/core-js-2.6.12.tgz",
      "integrity": "sha512-Kb2wC0fvsWfQrgk8HU5lW6U/Lcs8+9aaYcy4ZFc6DDlo4nZ7n70dEgE5rtR0oG6ufKDUnrwfWL1mXR5ljDatrQ=="
    },
    "create-react-class": {
      "version": "15.7.0",
      "resolved": "https://registry.npmjs.org/create-react-class/-/create-react-class-15.7.0.tgz",
      "integrity": "sha512-QZv4sFWG9S5RUvkTYWbflxeZX+JG7Cz0Tn33rQBJ+WFQTqTfUTjMjiv9tnfXazjsO5r0KhPs+AqCjyrQX6h2ng==",
      "requires": {
        "loose-envify": "^1.3.1",
        "object-assign": "^4.1.1"
      }
    },
    "cross-fetch": {
      "version": "3.0.6",
      "resolved": "https://registry.npmjs.org/cross-fetch/-/cross-fetch-3.0.6.tgz",
      "integrity": "sha512-KBPUbqgFjzWlVcURG+Svp9TlhA5uliYtiNx/0r8nv0pdypeQCRJ9IaSIc3q/x3q8t3F75cHuwxVql1HFGHCNJQ==",
      "requires": {
        "node-fetch": "2.6.1"
      }
    },
    "css-vendor": {
      "version": "2.0.8",
      "resolved": "https://registry.npmjs.org/css-vendor/-/css-vendor-2.0.8.tgz",
      "integrity": "sha512-x9Aq0XTInxrkuFeHKbYC7zWY8ai7qJ04Kxd9MnvbC1uO5DagxoHQjm4JvG+vCdXOoFtCjbL2XSZfxmoYa9uQVQ==",
      "requires": {
        "@babel/runtime": "^7.8.3",
        "is-in-browser": "^1.0.2"
      }
    },
    "csstype": {
      "version": "2.6.14",
      "resolved": "https://registry.npmjs.org/csstype/-/csstype-2.6.14.tgz",
      "integrity": "sha512-2mSc+VEpGPblzAxyeR+vZhJKgYg0Og0nnRi7pmRXFYYxSfnOnW8A5wwQb4n4cE2nIOzqKOAzLCaEX6aBmNEv8A=="
    },
    "decode-uri-component": {
      "version": "0.2.0",
      "resolved": "https://registry.npmjs.org/decode-uri-component/-/decode-uri-component-0.2.0.tgz",
      "integrity": "sha1-6zkTMzRYd1y4TNGh+uBiEGu4dUU="
    },
    "dom-helpers": {
      "version": "3.4.0",
      "resolved": "https://registry.npmjs.org/dom-helpers/-/dom-helpers-3.4.0.tgz",
      "integrity": "sha512-LnuPJ+dwqKDIyotW1VzmOZ5TONUN7CwkCR5hrgawTUbkBGYdeoNLZo6nNfGkCrjtE1nXXaj7iMMpDa8/d9WoIA==",
      "requires": {
        "@babel/runtime": "^7.1.2"
      }
    },
    "encoding": {
      "version": "0.1.13",
      "resolved": "https://registry.npmjs.org/encoding/-/encoding-0.1.13.tgz",
      "integrity": "sha512-ETBauow1T35Y/WZMkio9jiM0Z5xjHHmJ4XmjZOq1l/dXz3lr2sRn87nJy20RupqSh1F2m3HHPSp8ShIPQJrJ3A==",
      "requires": {
        "iconv-lite": "^0.6.2"
      }
    },
    "escape-string-regexp": {
      "version": "4.0.0",
      "resolved": "https://registry.npmjs.org/escape-string-regexp/-/escape-string-regexp-4.0.0.tgz",
      "integrity": "sha512-TtpcNJ3XAzx3Gq8sWRzJaVajRs0uVxA2YAkdb1jm2YkPz4G6egUFAyA3n5vtEIZefPk5Wa4UXbKuS5fKkJWdgA=="
    },
    "fbjs": {
      "version": "3.0.0",
      "resolved": "https://registry.npmjs.org/fbjs/-/fbjs-3.0.0.tgz",
      "integrity": "sha512-dJd4PiDOFuhe7vk4F80Mba83Vr2QuK86FoxtgPmzBqEJahncp+13YCmfoa53KHCo6OnlXLG7eeMWPfB5CrpVKg==",
      "requires": {
        "cross-fetch": "^3.0.4",
        "fbjs-css-vars": "^1.0.0",
        "loose-envify": "^1.0.0",
        "object-assign": "^4.1.0",
        "promise": "^7.1.1",
        "setimmediate": "^1.0.5",
        "ua-parser-js": "^0.7.18"
      }
    },
    "fbjs-css-vars": {
      "version": "1.0.2",
      "resolved": "https://registry.npmjs.org/fbjs-css-vars/-/fbjs-css-vars-1.0.2.tgz",
      "integrity": "sha512-b2XGFAFdWZWg0phtAWLHCk836A1Xann+I+Dgd3Gk64MHKZO44FfoD1KxyvbSh0qZsIoXQGGlVztIY+oitJPpRQ=="
    },
    "history": {
      "version": "4.10.1",
      "resolved": "https://registry.npmjs.org/history/-/history-4.10.1.tgz",
      "integrity": "sha512-36nwAD620w12kuzPAsyINPWJqlNbij+hpK1k9XRloDtym8mxzGYl2c17LnV6IAGB2Dmg4tEa7G7DlawS0+qjew==",
      "requires": {
        "@babel/runtime": "^7.1.2",
        "loose-envify": "^1.2.0",
        "resolve-pathname": "^3.0.0",
        "tiny-invariant": "^1.0.2",
        "tiny-warning": "^1.0.0",
        "value-equal": "^1.0.1"
      }
    },
    "hoist-non-react-statics": {
      "version": "3.3.2",
      "resolved": "https://registry.npmjs.org/hoist-non-react-statics/-/hoist-non-react-statics-3.3.2.tgz",
      "integrity": "sha512-/gGivxi8JPKWNm/W0jSmzcMPpfpPLc3dY/6GxhX2hQ9iGj3aDfklV4ET7NjKpSinLpJ5vafa9iiGIEZg10SfBw==",
      "requires": {
        "react-is": "^16.7.0"
      }
    },
    "hyphenate-style-name": {
      "version": "1.0.4",
      "resolved": "https://registry.npmjs.org/hyphenate-style-name/-/hyphenate-style-name-1.0.4.tgz",
      "integrity": "sha512-ygGZLjmXfPHj+ZWh6LwbC37l43MhfztxetbFCoYTM2VjkIUpeHgSNn7QIyVFj7YQ1Wl9Cbw5sholVJPzWvC2MQ=="
    },
    "iconv-lite": {
      "version": "0.6.2",
      "resolved": "https://registry.npmjs.org/iconv-lite/-/iconv-lite-0.6.2.tgz",
      "integrity": "sha512-2y91h5OpQlolefMPmUlivelittSWy0rP+oYVpn6A7GwVHNE8AWzoYOBNmlwks3LobaJxgHCYZAnyNo2GgpNRNQ==",
      "requires": {
        "safer-buffer": ">= 2.1.2 < 3.0.0"
      }
    },
    "indefinite-observable": {
      "version": "2.0.1",
      "resolved": "https://registry.npmjs.org/indefinite-observable/-/indefinite-observable-2.0.1.tgz",
      "integrity": "sha512-G8vgmork+6H9S8lUAg1gtXEj2JxIQTo0g2PbFiYOdjkziSI0F7UYBiVwhZRuixhBCNGczAls34+5HJPyZysvxQ==",
      "requires": {
        "symbol-observable": "1.2.0"
      },
      "dependencies": {
        "symbol-observable": {
          "version": "1.2.0",
          "resolved": "https://registry.npmjs.org/symbol-observable/-/symbol-observable-1.2.0.tgz",
          "integrity": "sha512-e900nM8RRtGhlV36KGEU9k65K3mPb1WV70OdjfxlG2EAuM1noi/E/BaW/uMhL7bPEssK8QV57vN3esixjUvcXQ=="
        }
      }
    },
    "inline-style-prefixer": {
      "version": "2.0.5",
      "resolved": "https://registry.npmjs.org/inline-style-prefixer/-/inline-style-prefixer-2.0.5.tgz",
      "integrity": "sha1-wVPH6I/YT+9cYC6VqBaLJ3BnH+c=",
      "requires": {
        "bowser": "^1.0.0",
        "hyphenate-style-name": "^1.0.1"
      }
    },
    "invariant": {
      "version": "2.2.4",
      "resolved": "https://registry.npmjs.org/invariant/-/invariant-2.2.4.tgz",
      "integrity": "sha512-phJfQVBuaJM5raOpJjSfkiD6BpbCE4Ns//LaXl6wGYtUBY83nWS6Rf9tXm2e8VaK60JEjYldbPif/A2B1C2gNA==",
      "requires": {
        "loose-envify": "^1.0.0"
      }
    },
    "is-arrayish": {
      "version": "0.3.2",
      "resolved": "https://registry.npmjs.org/is-arrayish/-/is-arrayish-0.3.2.tgz",
      "integrity": "sha512-eVRqCvVlZbuw3GrM63ovNSNAeA1K16kaR/LRY/92w0zxQ5/1YzwblUX652i4Xs9RwAGjW9d9y6X88t8OaAJfWQ=="
    },
    "is-in-browser": {
      "version": "1.1.3",
      "resolved": "https://registry.npmjs.org/is-in-browser/-/is-in-browser-1.1.3.tgz",
      "integrity": "sha1-Vv9NtoOgeMYILrldrX3GLh0E+DU="
    },
    "is-stream": {
      "version": "1.1.0",
      "resolved": "https://registry.npmjs.org/is-stream/-/is-stream-1.1.0.tgz",
      "integrity": "sha1-EtSj3U5o4Lec6428hBc66A2RykQ="
    },
    "isarray": {
      "version": "0.0.1",
      "resolved": "https://registry.npmjs.org/isarray/-/isarray-0.0.1.tgz",
      "integrity": "sha1-ihis/Kmo9Bd+Cav8YDiTmwXR7t8="
    },
    "isomorphic-fetch": {
      "version": "2.2.1",
      "resolved": "https://registry.npmjs.org/isomorphic-fetch/-/isomorphic-fetch-2.2.1.tgz",
      "integrity": "sha1-YRrhrPFPXoH3KVB0coGf6XM1WKk=",
      "requires": {
        "node-fetch": "^1.0.1",
        "whatwg-fetch": ">=0.10.0"
      },
      "dependencies": {
        "node-fetch": {
          "version": "1.7.3",
          "resolved": "https://registry.npmjs.org/node-fetch/-/node-fetch-1.7.3.tgz",
          "integrity": "sha512-NhZ4CsKx7cYm2vSrBAr2PvFOe6sWDf0UYLRqA6svUYg7+/TSfVAu49jYC4BvQ4Sms9SZgdqGBgroqfDhJdTyKQ==",
          "requires": {
            "encoding": "^0.1.11",
            "is-stream": "^1.0.1"
          }
        }
      }
    },
    "js-tokens": {
      "version": "4.0.0",
      "resolved": "https://registry.npmjs.org/js-tokens/-/js-tokens-4.0.0.tgz",
      "integrity": "sha512-RdJUflcE3cUzKiMqQgsCu06FPu9UdIJO0beYbPhHN4k6apgJtifcoCtT9bcxOpYBtpD2kCM6Sbzg4CausW/PKQ=="
    },
    "jss": {
      "version": "10.5.0",
      "resolved": "https://registry.npmjs.org/jss/-/jss-10.5.0.tgz",
      "integrity": "sha512-B6151NvG+thUg3murLNHRPLxTLwQ13ep4SH5brj4d8qKtogOx/jupnpfkPGSHPqvcwKJaCLctpj2lEk+5yGwMw==",
      "requires": {
        "@babel/runtime": "^7.3.1",
        "csstype": "^3.0.2",
        "indefinite-observable": "^2.0.1",
        "is-in-browser": "^1.1.3",
        "tiny-warning": "^1.0.2"
      },
      "dependencies": {
        "csstype": {
          "version": "3.0.5",
          "resolved": "https://registry.npmjs.org/csstype/-/csstype-3.0.5.tgz",
          "integrity": "sha512-uVDi8LpBUKQj6sdxNaTetL6FpeCqTjOvAQuQUa/qAqq8oOd4ivkbhgnqayl0dnPal8Tb/yB1tF+gOvCBiicaiQ=="
        }
      }
    },
    "jss-plugin-camel-case": {
      "version": "10.5.0",
      "resolved": "https://registry.npmjs.org/jss-plugin-camel-case/-/jss-plugin-camel-case-10.5.0.tgz",
      "integrity": "sha512-GSjPL0adGAkuoqeYiXTgO7PlIrmjv5v8lA6TTBdfxbNYpxADOdGKJgIEkffhlyuIZHlPuuiFYTwUreLUmSn7rg==",
      "requires": {
        "@babel/runtime": "^7.3.1",
        "hyphenate-style-name": "^1.0.3",
        "jss": "10.5.0"
      }
    },
    "jss-plugin-default-unit": {
      "version": "10.5.0",
      "resolved": "https://registry.npmjs.org/jss-plugin-default-unit/-/jss-plugin-default-unit-10.5.0.tgz",
      "integrity": "sha512-rsbTtZGCMrbcb9beiDd+TwL991NGmsAgVYH0hATrYJtue9e+LH/Gn4yFD1ENwE+3JzF3A+rPnM2JuD9L/SIIWw==",
      "requires": {
        "@babel/runtime": "^7.3.1",
        "jss": "10.5.0"
      }
    },
    "jss-plugin-global": {
      "version": "10.5.0",
      "resolved": "https://registry.npmjs.org/jss-plugin-global/-/jss-plugin-global-10.5.0.tgz",
      "integrity": "sha512-FZd9+JE/3D7HMefEG54fEC0XiQ9rhGtDHAT/ols24y8sKQ1D5KIw6OyXEmIdKFmACgxZV2ARQ5pAUypxkk2IFQ==",
      "requires": {
        "@babel/runtime": "^7.3.1",
        "jss": "10.5.0"
      }
    },
    "jss-plugin-nested": {
      "version": "10.5.0",
      "resolved": "https://registry.npmjs.org/jss-plugin-nested/-/jss-plugin-nested-10.5.0.tgz",
      "integrity": "sha512-ejPlCLNlEGgx8jmMiDk/zarsCZk+DV0YqXfddpgzbO9Toamo0HweCFuwJ3ZO40UFOfqKwfpKMVH/3HUXgxkTMg==",
      "requires": {
        "@babel/runtime": "^7.3.1",
        "jss": "10.5.0",
        "tiny-warning": "^1.0.2"
      }
    },
    "jss-plugin-props-sort": {
      "version": "10.5.0",
      "resolved": "https://registry.npmjs.org/jss-plugin-props-sort/-/jss-plugin-props-sort-10.5.0.tgz",
      "integrity": "sha512-kTLRvrOetFKz5vM88FAhLNeJIxfjhCepnvq65G7xsAQ/Wgy7HwO1BS/2wE5mx8iLaAWC6Rj5h16mhMk9sKdZxg==",
      "requires": {
        "@babel/runtime": "^7.3.1",
        "jss": "10.5.0"
      }
    },
    "jss-plugin-rule-value-function": {
      "version": "10.5.0",
      "resolved": "https://registry.npmjs.org/jss-plugin-rule-value-function/-/jss-plugin-rule-value-function-10.5.0.tgz",
      "integrity": "sha512-jXINGr8BSsB13JVuK274oEtk0LoooYSJqTBCGeBu2cG/VJ3+4FPs1gwLgsq24xTgKshtZ+WEQMVL34OprLidRA==",
      "requires": {
        "@babel/runtime": "^7.3.1",
        "jss": "10.5.0",
        "tiny-warning": "^1.0.2"
      }
    },
    "jss-plugin-vendor-prefixer": {
      "version": "10.5.0",
      "resolved": "https://registry.npmjs.org/jss-plugin-vendor-prefixer/-/jss-plugin-vendor-prefixer-10.5.0.tgz",
      "integrity": "sha512-rux3gmfwDdOKCLDx0IQjTwTm03IfBa+Rm/hs747cOw5Q7O3RaTUIMPKjtVfc31Xr/XI9Abz2XEupk1/oMQ7zRA==",
      "requires": {
        "@babel/runtime": "^7.3.1",
        "css-vendor": "^2.0.8",
        "jss": "10.5.0"
      }
    },
    "keycode": {
      "version": "2.2.0",
      "resolved": "https://registry.npmjs.org/keycode/-/keycode-2.2.0.tgz",
      "integrity": "sha1-PQr1bce4uOXLqNCpfxByBO7CKwQ="
    },
    "lodash": {
      "version": "4.17.20",
      "resolved": "https://registry.npmjs.org/lodash/-/lodash-4.17.20.tgz",
      "integrity": "sha512-PlhdFcillOINfeV7Ni6oF1TAEayyZBoZ8bcshTHqOYJYlrqzRK5hagpagky5o4HfCzzd1TRkXPMFq6cKk9rGmA=="
    },
    "loose-envify": {
      "version": "1.4.0",
      "resolved": "https://registry.npmjs.org/loose-envify/-/loose-envify-1.4.0.tgz",
      "integrity": "sha512-lyuxPGr/Wfhrlem2CL/UcnUc1zcqKAImBDzukY7Y5F/yQiNdko6+fRLevlw1HgMySw7f611UIY408EtxRSoK3Q==",
      "requires": {
        "js-tokens": "^3.0.0 || ^4.0.0"
      }
    },
    "material-ui": {
      "version": "0.15.4",
      "resolved": "https://registry.npmjs.org/material-ui/-/material-ui-0.15.4.tgz",
      "integrity": "sha1-xmshCITxWEEIUmxJiyxGKu5MPbs=",
      "requires": {
        "inline-style-prefixer": "^2.0.1",
        "keycode": "^2.1.1",
        "lodash": "^4.13.1",
        "react-addons-create-fragment": "^15.2.1",
        "react-addons-transition-group": "^15.2.1",
        "react-event-listener": "^0.2.1",
        "recompose": "^0.20.2",
        "simple-assign": "^0.1.0",
        "warning": "^3.0.0"
      }
    },
    "material-ui-community-icons": {
      "version": "0.15.0",
      "resolved": "https://registry.npmjs.org/material-ui-community-icons/-/material-ui-community-icons-0.15.0.tgz",
      "integrity": "sha1-f5425Cq4R+rusEhOSZDa6rHhCQo=",
      "requires": {
        "material-ui": "^0.15.0",
        "react": "^15.0.0",
        "react-dom": "^15.0.0"
      }
    },
    "mini-create-react-context": {
      "version": "0.4.1",
      "resolved": "https://registry.npmjs.org/mini-create-react-context/-/mini-create-react-context-0.4.1.tgz",
      "integrity": "sha512-YWCYEmd5CQeHGSAKrYvXgmzzkrvssZcuuQDDeqkT+PziKGMgE+0MCCtcKbROzocGBG1meBLl2FotlRwf4gAzbQ==",
      "requires": {
        "@babel/runtime": "^7.12.1",
        "tiny-warning": "^1.0.3"
      }
    },
    "nanoid": {
      "version": "3.1.20",
      "resolved": "https://registry.npmjs.org/nanoid/-/nanoid-3.1.20.tgz",
      "integrity": "sha512-a1cQNyczgKbLX9jwbS/+d7W8fX/RfgYR7lVWwWOGIPNgK2m0MWvrGF6/m4kk6U3QcFMnZf3RIhL0v2Jgh/0Uxw=="
    },
    "node-fetch": {
      "version": "2.6.1",
      "resolved": "https://registry.npmjs.org/node-fetch/-/node-fetch-2.6.1.tgz",
      "integrity": "sha512-V4aYg89jEoVRxRb2fJdAg8FHvI7cEyYdVAh94HH0UIK8oJxUfkjlDQN9RbMx+bEjP7+ggMiFRprSti032Oipxw=="
    },
    "object-assign": {
      "version": "4.1.1",
      "resolved": "https://registry.npmjs.org/object-assign/-/object-assign-4.1.1.tgz",
      "integrity": "sha1-IQmtx5ZYh8/AXLvUQsrIv7s2CGM="
    },
    "path-to-regexp": {
      "version": "1.8.0",
      "resolved": "https://registry.npmjs.org/path-to-regexp/-/path-to-regexp-1.8.0.tgz",
      "integrity": "sha512-n43JRhlUKUAlibEJhPeir1ncUID16QnEjNpwzNdO3Lm4ywrBpBZ5oLD0I6br9evr1Y9JTqwRtAh7JLoOzAQdVA==",
      "requires": {
        "isarray": "0.0.1"
      }
    },
    "popper.js": {
      "version": "1.16.1-lts",
      "resolved": "https://registry.npmjs.org/popper.js/-/popper.js-1.16.1-lts.tgz",
      "integrity": "sha512-Kjw8nKRl1m+VrSFCoVGPph93W/qrSO7ZkqPpTf7F4bk/sqcfWK019dWBUpE/fBOsOQY1dks/Bmcbfn1heM/IsA=="
    },
    "promise": {
      "version": "7.3.1",
      "resolved": "https://registry.npmjs.org/promise/-/promise-7.3.1.tgz",
      "integrity": "sha512-nolQXZ/4L+bP/UGlkfaIujX9BKxGwmQ9OT4mOt5yvy8iK1h3wqTEJCijzGANTCCl9nWjY41juyAn2K3Q1hLLTg==",
      "requires": {
        "asap": "~2.0.3"
      }
    },
    "prop-types": {
      "version": "15.7.2",
      "resolved": "https://registry.npmjs.org/prop-types/-/prop-types-15.7.2.tgz",
      "integrity": "sha512-8QQikdH7//R2vurIJSutZ1smHYTcLpRWEOlHnzcWHmBYrOGUysKwSsrC89BCiFj3CbrfJ/nXFdJepOVrY1GCHQ==",
      "requires": {
        "loose-envify": "^1.4.0",
        "object-assign": "^4.1.1",
        "react-is": "^16.8.1"
      }
    },
    "query-string": {
      "version": "6.13.7",
      "resolved": "https://registry.npmjs.org/query-string/-/query-string-6.13.7.tgz",
      "integrity": "sha512-CsGs8ZYb39zu0WLkeOhe0NMePqgYdAuCqxOYKDR5LVCytDZYMGx3Bb+xypvQvPHVPijRXB0HZNFllCzHRe4gEA==",
      "requires": {
        "decode-uri-component": "^0.2.0",
        "split-on-first": "^1.0.0",
        "strict-uri-encode": "^2.0.0"
      }
    },
    "react": {
      "version": "15.7.0",
      "resolved": "https://registry.npmjs.org/react/-/react-15.7.0.tgz",
      "integrity": "sha512-5/MMRYmpmM0sMTHGLossnJCrmXQIiJilD6y3YN3TzAwGFj6zdnMtFv6xmi65PHKRV+pehIHpT7oy67Sr6s9AHA==",
      "requires": {
        "create-react-class": "^15.6.0",
        "fbjs": "^0.8.9",
        "loose-envify": "^1.1.0",
        "object-assign": "^4.1.0",
        "prop-types": "^15.5.10"
      },
      "dependencies": {
        "core-js": {
          "version": "1.2.7",
          "resolved": "https://registry.npmjs.org/core-js/-/core-js-1.2.7.tgz",
          "integrity": "sha1-ZSKUwUZR2yj6k70tX/KYOk8IxjY="
        },
        "fbjs": {
          "version": "0.8.17",
          "resolved": "https://registry.npmjs.org/fbjs/-/fbjs-0.8.17.tgz",
          "integrity": "sha1-xNWY6taUkRJlPWWIsBpc3Nn5D90=",
          "requires": {
            "core-js": "^1.0.0",
            "isomorphic-fetch": "^2.1.1",
            "loose-envify": "^1.0.0",
            "object-assign": "^4.1.0",
            "promise": "^7.1.1",
            "setimmediate": "^1.0.5",
            "ua-parser-js": "^0.7.18"
          }
        }
      }
    },
    "react-addons-create-fragment": {
      "version": "15.6.2",
      "resolved": "https://registry.npmjs.org/react-addons-create-fragment/-/react-addons-create-fragment-15.6.2.tgz",
      "integrity": "sha1-o5TefCx77Na1R1uhuXrEcs58dPg=",
      "requires": {
        "fbjs": "^0.8.4",
        "loose-envify": "^1.3.1",
        "object-assign": "^4.1.0"
      },
      "dependencies": {
        "core-js": {
          "version": "1.2.7",
          "resolved": "https://registry.npmjs.org/core-js/-/core-js-1.2.7.tgz",
          "integrity": "sha1-ZSKUwUZR2yj6k70tX/KYOk8IxjY="
        },
        "fbjs": {
          "version": "0.8.17",
          "resolved": "https://registry.npmjs.org/fbjs/-/fbjs-0.8.17.tgz",
          "integrity": "sha1-xNWY6taUkRJlPWWIsBpc3Nn5D90=",
          "requires": {
            "core-js": "^1.0.0",
            "isomorphic-fetch": "^2.1.1",
            "loose-envify": "^1.0.0",
            "object-assign": "^4.1.0",
            "promise": "^7.1.1",
            "setimmediate": "^1.0.5",
            "ua-parser-js": "^0.7.18"
          }
        }
      }
    },
    "react-addons-transition-group": {
      "version": "15.6.2",
      "resolved": "https://registry.npmjs.org/react-addons-transition-group/-/react-addons-transition-group-15.6.2.tgz",
      "integrity": "sha1-i668Kukczb8kX+Kcn9PTb4tHGSM=",
      "requires": {
        "react-transition-group": "^1.2.0"
      }
    },
    "react-dom": {
      "version": "15.7.0",
      "resolved": "https://registry.npmjs.org/react-dom/-/react-dom-15.7.0.tgz",
      "integrity": "sha512-mpjXqC2t1FuYsILOLCj0kg6pbg460byZkVA/80VtDmKU/pYmoTdHOtaMcTRIDiyXLz4sIur0cQ04nOC6iGndJg==",
      "requires": {
        "fbjs": "^0.8.9",
        "loose-envify": "^1.1.0",
        "object-assign": "^4.1.0",
        "prop-types": "^15.5.10"
      },
      "dependencies": {
        "core-js": {
          "version": "1.2.7",
          "resolved": "https://registry.npmjs.org/core-js/-/core-js-1.2.7.tgz",
          "integrity": "sha1-ZSKUwUZR2yj6k70tX/KYOk8IxjY="
        },
        "fbjs": {
          "version": "0.8.17",
          "resolved": "https://registry.npmjs.org/fbjs/-/fbjs-0.8.17.tgz",
          "integrity": "sha1-xNWY6taUkRJlPWWIsBpc3Nn5D90=",
          "requires": {
            "core-js": "^1.0.0",
            "isomorphic-fetch": "^2.1.1",
            "loose-envify": "^1.0.0",
            "object-assign": "^4.1.0",
            "promise": "^7.1.1",
            "setimmediate": "^1.0.5",
            "ua-parser-js": "^0.7.18"
          }
        }
      }
    },
    "react-event-listener": {
      "version": "0.2.1",
      "resolved": "https://registry.npmjs.org/react-event-listener/-/react-event-listener-0.2.1.tgz",
      "integrity": "sha1-n8LheqwmTVyfwhzHjV+gLpaZFPM=",
      "requires": {
        "fbjs": "^0.8.0"
      },
      "dependencies": {
        "core-js": {
          "version": "1.2.7",
          "resolved": "https://registry.npmjs.org/core-js/-/core-js-1.2.7.tgz",
          "integrity": "sha1-ZSKUwUZR2yj6k70tX/KYOk8IxjY="
        },
        "fbjs": {
          "version": "0.8.17",
          "resolved": "https://registry.npmjs.org/fbjs/-/fbjs-0.8.17.tgz",
          "integrity": "sha1-xNWY6taUkRJlPWWIsBpc3Nn5D90=",
          "requires": {
            "core-js": "^1.0.0",
            "isomorphic-fetch": "^2.1.1",
            "loose-envify": "^1.0.0",
            "object-assign": "^4.1.0",
            "promise": "^7.1.1",
            "setimmediate": "^1.0.5",
            "ua-parser-js": "^0.7.18"
          }
        }
      }
    },
    "react-is": {
      "version": "16.13.1",
      "resolved": "https://registry.npmjs.org/react-is/-/react-is-16.13.1.tgz",
      "integrity": "sha512-24e6ynE2H+OKt4kqsOvNd8kBpV65zoxbA4BVsEOB3ARVWQki/DHzaUoC5KuON/BiccDaCCTZBuOcfZs70kR8bQ=="
    },
    "react-native-gesture-handler": {
      "version": "1.9.0",
      "resolved": "https://registry.npmjs.org/react-native-gesture-handler/-/react-native-gesture-handler-1.9.0.tgz",
      "integrity": "sha512-fkkNeWDBzDdwDxDcxtYbrb9T1g0PLgT1AxBs2iO/p7uEbDbC6mIoL/NzuOnKNEBHcd0lpLoJuNmIfdmucEON5g==",
      "requires": {
        "@egjs/hammerjs": "^2.0.17",
        "fbjs": "^3.0.0",
        "hoist-non-react-statics": "^3.3.0",
        "invariant": "^2.2.4",
        "prop-types": "^15.7.2"
      }
    },
    "react-native-iphone-x-helper": {
      "version": "1.3.1",
      "resolved": "https://registry.npmjs.org/react-native-iphone-x-helper/-/react-native-iphone-x-helper-1.3.1.tgz",
      "integrity": "sha512-HOf0jzRnq2/aFUcdCJ9w9JGzN3gdEg0zFE4FyYlp4jtidqU03D5X7ZegGKfT1EWteR0gPBGp9ye5T5FvSWi9Yg=="
    },
    "react-native-reanimated": {
      "version": "1.13.2",
      "resolved": "https://registry.npmjs.org/react-native-reanimated/-/react-native-reanimated-1.13.2.tgz",
      "integrity": "sha512-O+WhgxSjOIzcVdAAvx+h2DY331Ek1knKlaq+jsNLpC1fhRy9XTdOObovgob/aF2ve9uJfPEawCx8381g/tUJZQ==",
      "requires": {
        "fbjs": "^1.0.0"
      },
      "dependencies": {
        "fbjs": {
          "version": "1.0.0",
          "resolved": "https://registry.npmjs.org/fbjs/-/fbjs-1.0.0.tgz",
          "integrity": "sha512-MUgcMEJaFhCaF1QtWGnmq9ZDRAzECTCRAF7O6UZIlAlkTs1SasiX9aP0Iw7wfD2mJ7wDTNfg2w7u5fSCwJk1OA==",
          "requires": {
            "core-js": "^2.4.1",
            "fbjs-css-vars": "^1.0.0",
            "isomorphic-fetch": "^2.1.1",
            "loose-envify": "^1.0.0",
            "object-assign": "^4.1.0",
            "promise": "^7.1.1",
            "setimmediate": "^1.0.5",
            "ua-parser-js": "^0.7.18"
          }
        }
      }
    },
    "react-native-safe-area-context": {
      "version": "3.1.9",
      "resolved": "https://registry.npmjs.org/react-native-safe-area-context/-/react-native-safe-area-context-3.1.9.tgz",
      "integrity": "sha512-wmcGbdyE/vBSL5IjDPReoJUEqxkZsywZw5gPwsVUV1NBpw5eTIdnL6Y0uNKHE25Z661moxPHQz6kwAkYQyorxA=="
    },
    "react-native-screens": {
      "version": "2.16.1",
      "resolved": "https://registry.npmjs.org/react-native-screens/-/react-native-screens-2.16.1.tgz",
      "integrity": "sha512-WZ7m0sBDVaHbBnlHxwQnUlI6KNfQKHq+Unfw+VBuAlnSXvT+aw6Bb/K2bUlHzBgvrPjwY3Spc7ZERFuTwRLLwg=="
    },
    "react-router": {
      "version": "5.2.0",
      "resolved": "https://registry.npmjs.org/react-router/-/react-router-5.2.0.tgz",
      "integrity": "sha512-smz1DUuFHRKdcJC0jobGo8cVbhO3x50tCL4icacOlcwDOEQPq4TMqwx3sY1TP+DvtTgz4nm3thuo7A+BK2U0Dw==",
      "requires": {
        "@babel/runtime": "^7.1.2",
        "history": "^4.9.0",
        "hoist-non-react-statics": "^3.1.0",
        "loose-envify": "^1.3.1",
        "mini-create-react-context": "^0.4.0",
        "path-to-regexp": "^1.7.0",
        "prop-types": "^15.6.2",
        "react-is": "^16.6.0",
        "tiny-invariant": "^1.0.2",
        "tiny-warning": "^1.0.0"
      }
    },
    "react-router-native": {
      "version": "5.2.0",
      "resolved": "https://registry.npmjs.org/react-router-native/-/react-router-native-5.2.0.tgz",
      "integrity": "sha512-4J9htwyEDpE8mmuZ3vlgsxUd79BU/R64PqMQoXbZU/QM7gaB1O3EEY9MRryidxDmSy+rrTvVe4PjAzGRV0bFFg==",
      "requires": {
        "prop-types": "^15.6.1",
        "react-router": "5.2.0"
      }
    },
    "react-transition-group": {
      "version": "1.2.1",
      "resolved": "https://registry.npmjs.org/react-transition-group/-/react-transition-group-1.2.1.tgz",
      "integrity": "sha512-CWaL3laCmgAFdxdKbhhps+c0HRGF4c+hdM4H23+FI1QBNUyx/AMeIJGWorehPNSaKnQNOAxL7PQmqMu78CDj3Q==",
      "requires": {
        "chain-function": "^1.0.0",
        "dom-helpers": "^3.2.0",
        "loose-envify": "^1.3.1",
        "prop-types": "^15.5.6",
        "warning": "^3.0.0"
      }
    },
    "recompose": {
      "version": "0.20.2",
      "resolved": "https://registry.npmjs.org/recompose/-/recompose-0.20.2.tgz",
      "integrity": "sha1-ET1qx+KcpmTP/+wWtoHd3fFSULw=",
      "requires": {
        "change-emitter": "^0.1.2",
        "fbjs": "^0.8.1",
        "hoist-non-react-statics": "^1.0.0",
        "symbol-observable": "^0.2.4"
      },
      "dependencies": {
        "core-js": {
          "version": "1.2.7",
          "resolved": "https://registry.npmjs.org/core-js/-/core-js-1.2.7.tgz",
          "integrity": "sha1-ZSKUwUZR2yj6k70tX/KYOk8IxjY="
        },
        "fbjs": {
          "version": "0.8.17",
          "resolved": "https://registry.npmjs.org/fbjs/-/fbjs-0.8.17.tgz",
          "integrity": "sha1-xNWY6taUkRJlPWWIsBpc3Nn5D90=",
          "requires": {
            "core-js": "^1.0.0",
            "isomorphic-fetch": "^2.1.1",
            "loose-envify": "^1.0.0",
            "object-assign": "^4.1.0",
            "promise": "^7.1.1",
            "setimmediate": "^1.0.5",
            "ua-parser-js": "^0.7.18"
          }
        },
        "hoist-non-react-statics": {
          "version": "1.2.0",
          "resolved": "https://registry.npmjs.org/hoist-non-react-statics/-/hoist-non-react-statics-1.2.0.tgz",
          "integrity": "sha1-qkSM8JhtVcxAdzsXF0t90GbLfPs="
        }
      }
    },
    "regenerator-runtime": {
      "version": "0.13.7",
      "resolved": "https://registry.npmjs.org/regenerator-runtime/-/regenerator-runtime-0.13.7.tgz",
      "integrity": "sha512-a54FxoJDIr27pgf7IgeQGxmqUNYrcV338lf/6gH456HZ/PhX+5BcwHXG9ajESmwe6WRO0tAzRUrRmNONWgkrew=="
    },
    "resolve-pathname": {
      "version": "3.0.0",
      "resolved": "https://registry.npmjs.org/resolve-pathname/-/resolve-pathname-3.0.0.tgz",
      "integrity": "sha512-C7rARubxI8bXFNB/hqcp/4iUeIXJhJZvFPFPiSPRnhU5UPxzMFIl+2E6yY6c4k9giDJAhtV+enfA+G89N6Csng=="
    },
    "safer-buffer": {
      "version": "2.1.2",
      "resolved": "https://registry.npmjs.org/safer-buffer/-/safer-buffer-2.1.2.tgz",
      "integrity": "sha512-YZo3K82SD7Riyi0E1EQPojLz7kpepnSQI9IyPbHHg1XXXevb5dJI7tpyN2ADxGcQbHG7vcyRHk0cbwqcQriUtg=="
    },
    "setimmediate": {
      "version": "1.0.5",
      "resolved": "https://registry.npmjs.org/setimmediate/-/setimmediate-1.0.5.tgz",
      "integrity": "sha1-KQy7Iy4waULX1+qbg3Mqt4VvgoU="
    },
    "simple-assign": {
      "version": "0.1.0",
      "resolved": "https://registry.npmjs.org/simple-assign/-/simple-assign-0.1.0.tgz",
      "integrity": "sha1-F/0wZqXz13OPUDIbsPFMooHMS6o="
    },
    "simple-swizzle": {
      "version": "0.2.2",
      "resolved": "https://registry.npmjs.org/simple-swizzle/-/simple-swizzle-0.2.2.tgz",
      "integrity": "sha1-pNprY1/8zMoz9w0Xy5JZLeleVXo=",
      "requires": {
        "is-arrayish": "^0.3.1"
      }
    },
    "split-on-first": {
      "version": "1.1.0",
      "resolved": "https://registry.npmjs.org/split-on-first/-/split-on-first-1.1.0.tgz",
      "integrity": "sha512-43ZssAJaMusuKWL8sKUBQXHWOpq8d6CfN/u1p4gUzfJkM05C8rxTmYrkIPTXapZpORA6LkkzcUulJ8FqA7Uudw=="
    },
    "strict-uri-encode": {
      "version": "2.0.0",
      "resolved": "https://registry.npmjs.org/strict-uri-encode/-/strict-uri-encode-2.0.0.tgz",
      "integrity": "sha1-ucczDHBChi9rFC3CdLvMWGbONUY="
    },
    "symbol-observable": {
      "version": "0.2.4",
      "resolved": "https://registry.npmjs.org/symbol-observable/-/symbol-observable-0.2.4.tgz",
      "integrity": "sha1-lag9smGG1q9+ehjb2XYKL4bQj0A="
    },
    "tiny-invariant": {
      "version": "1.1.0",
      "resolved": "https://registry.npmjs.org/tiny-invariant/-/tiny-invariant-1.1.0.tgz",
      "integrity": "sha512-ytxQvrb1cPc9WBEI/HSeYYoGD0kWnGEOR8RY6KomWLBVhqz0RgTwVO9dLrGz7dC+nN9llyI7OKAgRq8Vq4ZBSw=="
    },
    "tiny-warning": {
      "version": "1.0.3",
      "resolved": "https://registry.npmjs.org/tiny-warning/-/tiny-warning-1.0.3.tgz",
      "integrity": "sha512-lBN9zLN/oAf68o3zNXYrdCt1kP8WsiGW8Oo2ka41b2IM5JL/S1CTyX1rW0mb/zSuJun0ZUrDxx4sqvYS2FWzPA=="
    },
    "ua-parser-js": {
      "version": "0.7.23",
      "resolved": "https://registry.npmjs.org/ua-parser-js/-/ua-parser-js-0.7.23.tgz",
      "integrity": "sha512-m4hvMLxgGHXG3O3fQVAyyAQpZzDOvwnhOTjYz5Xmr7r/+LpkNy3vJXdVRWgd1TkAb7NGROZuSy96CrlNVjA7KA=="
    },
    "value-equal": {
      "version": "1.0.1",
      "resolved": "https://registry.npmjs.org/value-equal/-/value-equal-1.0.1.tgz",
      "integrity": "sha512-NOJ6JZCAWr0zlxZt+xqCHNTEKOsrks2HQd4MqhP1qy4z1SkbEP467eNx6TgDKXMvUOb+OENfJCZwM+16n7fRfw=="
    },
    "warning": {
      "version": "3.0.0",
      "resolved": "https://registry.npmjs.org/warning/-/warning-3.0.0.tgz",
      "integrity": "sha1-MuU3fLVy3kqwR1O9+IIcAe1gW3w=",
      "requires": {
        "loose-envify": "^1.0.0"
      }
    },
    "whatwg-fetch": {
      "version": "3.5.0",
      "resolved": "https://registry.npmjs.org/whatwg-fetch/-/whatwg-fetch-3.5.0.tgz",
      "integrity": "sha512-jXkLtsR42xhXg7akoDKvKWE40eJeI+2KZqcp2h3NsOrRnDvtWX36KcKl30dy+hxECivdk2BVUHVNrPtoMBUx6A=="
    }
  }
}
