{
  "requires": true,
  "lockfileVersion": 1,
  "dependencies": {
    "react-native-gradient-header": {
      "version": "0.2.1",
      "resolved": "https://registry.npmjs.org/react-native-gradient-header/-/react-native-gradient-header-0.2.1.tgz",
      "integrity": "sha512-576A+lq4+sNpxGhzlxxQDQcfGQ75avHBUAdGMfs50VtuH4KIlxn6a24fka3rOpWPOZxDcAbM8CYEkyQDFb72FA=="
    }
  }
}
